
Microsoft Visual Studio Solution File, Format Version 12.00
# Visual Studio 15
VisualStudioVersion = 15.0.26124.0
MinimumVisualStudioVersion = 15.0.26124.0
Project("{2150E333-8FDC-42A3-9474-1A3956D46DE8}") = "src", "src", "{ED464836-E07E-4850-90B8-DFC61A620CC3}"
EndProject
Project("{2150E333-8FDC-42A3-9474-1A3956D46DE8}") = "KanbanManagement", "KanbanManagement", "{16012EA7-ACEE-4CDA-9049-A806F63A5A4B}"
EndProject
Project("{FAE04EC0-301F-11D3-BF4B-00C04F79EFBC}") = "KanbanManagement.API", "src\KanbanManagement\KanbanManagement.API\KanbanManagement.API.csproj", "{09C27560-C48E-4E90-BE6C-48494E5C1D06}"
EndProject
Project("{2150E333-8FDC-42A3-9474-1A3956D46DE8}") = "DistributedExceptionHandling", "DistributedExceptionHandling", "{1BF7762A-BDA7-4382-8068-7A455215295B}"
EndProject
Project("{FAE04EC0-301F-11D3-BF4B-00C04F79EFBC}") = "DistributedExceptionHandling.Worker", "src\DistributedExceptionHandling\DistributedExceptionHandling.Worker\DistributedExceptionHandling.Worker.csproj", "{E66164D6-F755-4DBB-BA53-7E272864B8B9}"
EndProject
Project("{2150E333-8FDC-42A3-9474-1A3956D46DE8}") = "KanbanGateway", "KanbanGateway", "{1E858594-0156-4623-A60E-E2864E93D8BC}"
EndProject
Project("{FAE04EC0-301F-11D3-BF4B-00C04F79EFBC}") = "KanbanGateway.API", "src\KanbanGateway\KanbanGateway.API\KanbanGateway.API.csproj", "{9D3B0A26-834D-4220-88F0-0F99C0EA2122}"
EndProject
Project("{FAE04EC0-301F-11D3-BF4B-00C04F79EFBC}") = "Common", "src\Common\Common.csproj", "{05FCB9E7-8DE0-413C-B3A4-C15FB375AD4B}"
EndProject
Global
	GlobalSection(SolutionConfigurationPlatforms) = preSolution
		Debug|Any CPU = Debug|Any CPU
		Debug|x64 = Debug|x64
		Debug|x86 = Debug|x86
		Release|Any CPU = Release|Any CPU
		Release|x64 = Release|x64
		Release|x86 = Release|x86
	EndGlobalSection
	GlobalSection(SolutionProperties) = preSolution
		HideSolutionNode = FALSE
	EndGlobalSection
	GlobalSection(ProjectConfigurationPlatforms) = postSolution
		{09C27560-C48E-4E90-BE6C-48494E5C1D06}.Debug|Any CPU.ActiveCfg = Debug|Any CPU
		{09C27560-C48E-4E90-BE6C-48494E5C1D06}.Debug|Any CPU.Build.0 = Debug|Any CPU
		{09C27560-C48E-4E90-BE6C-48494E5C1D06}.Debug|x64.ActiveCfg = Debug|Any CPU
		{09C27560-C48E-4E90-BE6C-48494E5C1D06}.Debug|x64.Build.0 = Debug|Any CPU
		{09C27560-C48E-4E90-BE6C-48494E5C1D06}.Debug|x86.ActiveCfg = Debug|Any CPU
		{09C27560-C48E-4E90-BE6C-48494E5C1D06}.Debug|x86.Build.0 = Debug|Any CPU
		{09C27560-C48E-4E90-BE6C-48494E5C1D06}.Release|Any CPU.ActiveCfg = Release|Any CPU
		{09C27560-C48E-4E90-BE6C-48494E5C1D06}.Release|Any CPU.Build.0 = Release|Any CPU
		{09C27560-C48E-4E90-BE6C-48494E5C1D06}.Release|x64.ActiveCfg = Release|Any CPU
		{09C27560-C48E-4E90-BE6C-48494E5C1D06}.Release|x64.Build.0 = Release|Any CPU
		{09C27560-C48E-4E90-BE6C-48494E5C1D06}.Release|x86.ActiveCfg = Release|Any CPU
		{09C27560-C48E-4E90-BE6C-48494E5C1D06}.Release|x86.Build.0 = Release|Any CPU
		{E66164D6-F755-4DBB-BA53-7E272864B8B9}.Debug|Any CPU.ActiveCfg = Debug|Any CPU
		{E66164D6-F755-4DBB-BA53-7E272864B8B9}.Debug|Any CPU.Build.0 = Debug|Any CPU
		{E66164D6-F755-4DBB-BA53-7E272864B8B9}.Debug|x64.ActiveCfg = Debug|Any CPU
		{E66164D6-F755-4DBB-BA53-7E272864B8B9}.Debug|x64.Build.0 = Debug|Any CPU
		{E66164D6-F755-4DBB-BA53-7E272864B8B9}.Debug|x86.ActiveCfg = Debug|Any CPU
		{E66164D6-F755-4DBB-BA53-7E272864B8B9}.Debug|x86.Build.0 = Debug|Any CPU
		{E66164D6-F755-4DBB-BA53-7E272864B8B9}.Release|Any CPU.ActiveCfg = Release|Any CPU
		{E66164D6-F755-4DBB-BA53-7E272864B8B9}.Release|Any CPU.Build.0 = Release|Any CPU
		{E66164D6-F755-4DBB-BA53-7E272864B8B9}.Release|x64.ActiveCfg = Release|Any CPU
		{E66164D6-F755-4DBB-BA53-7E272864B8B9}.Release|x64.Build.0 = Release|Any CPU
		{E66164D6-F755-4DBB-BA53-7E272864B8B9}.Release|x86.ActiveCfg = Release|Any CPU
		{E66164D6-F755-4DBB-BA53-7E272864B8B9}.Release|x86.Build.0 = Release|Any CPU
		{9D3B0A26-834D-4220-88F0-0F99C0EA2122}.Debug|Any CPU.ActiveCfg = Debug|Any CPU
		{9D3B0A26-834D-4220-88F0-0F99C0EA2122}.Debug|Any CPU.Build.0 = Debug|Any CPU
		{9D3B0A26-834D-4220-88F0-0F99C0EA2122}.Debug|x64.ActiveCfg = Debug|Any CPU
		{9D3B0A26-834D-4220-88F0-0F99C0EA2122}.Debug|x64.Build.0 = Debug|Any CPU
		{9D3B0A26-834D-4220-88F0-0F99C0EA2122}.Debug|x86.ActiveCfg = Debug|Any CPU
		{9D3B0A26-834D-4220-88F0-0F99C0EA2122}.Debug|x86.Build.0 = Debug|Any CPU
		{9D3B0A26-834D-4220-88F0-0F99C0EA2122}.Release|Any CPU.ActiveCfg = Release|Any CPU
		{9D3B0A26-834D-4220-88F0-0F99C0EA2122}.Release|Any CPU.Build.0 = Release|Any CPU
		{9D3B0A26-834D-4220-88F0-0F99C0EA2122}.Release|x64.ActiveCfg = Release|Any CPU
		{9D3B0A26-834D-4220-88F0-0F99C0EA2122}.Release|x64.Build.0 = Release|Any CPU
		{9D3B0A26-834D-4220-88F0-0F99C0EA2122}.Release|x86.ActiveCfg = Release|Any CPU
		{9D3B0A26-834D-4220-88F0-0F99C0EA2122}.Release|x86.Build.0 = Release|Any CPU
		{05FCB9E7-8DE0-413C-B3A4-C15FB375AD4B}.Debug|Any CPU.ActiveCfg = Debug|Any CPU
		{05FCB9E7-8DE0-413C-B3A4-C15FB375AD4B}.Debug|Any CPU.Build.0 = Debug|Any CPU
		{05FCB9E7-8DE0-413C-B3A4-C15FB375AD4B}.Debug|x64.ActiveCfg = Debug|Any CPU
		{05FCB9E7-8DE0-413C-B3A4-C15FB375AD4B}.Debug|x64.Build.0 = Debug|Any CPU
		{05FCB9E7-8DE0-413C-B3A4-C15FB375AD4B}.Debug|x86.ActiveCfg = Debug|Any CPU
		{05FCB9E7-8DE0-413C-B3A4-C15FB375AD4B}.Debug|x86.Build.0 = Debug|Any CPU
		{05FCB9E7-8DE0-413C-B3A4-C15FB375AD4B}.Release|Any CPU.ActiveCfg = Release|Any CPU
		{05FCB9E7-8DE0-413C-B3A4-C15FB375AD4B}.Release|Any CPU.Build.0 = Release|Any CPU
		{05FCB9E7-8DE0-413C-B3A4-C15FB375AD4B}.Release|x64.ActiveCfg = Release|Any CPU
		{05FCB9E7-8DE0-413C-B3A4-C15FB375AD4B}.Release|x64.Build.0 = Release|Any CPU
		{05FCB9E7-8DE0-413C-B3A4-C15FB375AD4B}.Release|x86.ActiveCfg = Release|Any CPU
		{05FCB9E7-8DE0-413C-B3A4-C15FB375AD4B}.Release|x86.Build.0 = Release|Any CPU
	EndGlobalSection
	GlobalSection(NestedProjects) = preSolution
		{16012EA7-ACEE-4CDA-9049-A806F63A5A4B} = {ED464836-E07E-4850-90B8-DFC61A620CC3}
		{09C27560-C48E-4E90-BE6C-48494E5C1D06} = {16012EA7-ACEE-4CDA-9049-A806F63A5A4B}
		{1BF7762A-BDA7-4382-8068-7A455215295B} = {ED464836-E07E-4850-90B8-DFC61A620CC3}
		{E66164D6-F755-4DBB-BA53-7E272864B8B9} = {1BF7762A-BDA7-4382-8068-7A455215295B}
		{1E858594-0156-4623-A60E-E2864E93D8BC} = {ED464836-E07E-4850-90B8-DFC61A620CC3}
		{9D3B0A26-834D-4220-88F0-0F99C0EA2122} = {1E858594-0156-4623-A60E-E2864E93D8BC}
		{05FCB9E7-8DE0-413C-B3A4-C15FB375AD4B} = {ED464836-E07E-4850-90B8-DFC61A620CC3}
	EndGlobalSection
EndGlobal
