
Microsoft Visual Studio Solution File, Format Version 12.00
# Visual Studio 15
VisualStudioVersion = 15.0.26124.0
MinimumVisualStudioVersion = 15.0.26124.0
Project("{2150E333-8FDC-42A3-9474-1A3956D46DE8}") = "src", "src", "{E3DDE79D-20A1-40E7-9F05-4F67D038F9BB}"
EndProject
Project("{FAE04EC0-301F-11D3-BF4B-00C04F79EFBC}") = "Common", "src\Common\Common.csproj", "{959F12FA-1F81-4BAA-8840-B69D94373390}"
EndProject
Project("{2150E333-8FDC-42A3-9474-1A3956D46DE8}") = "KanbanManagement", "KanbanManagement", "{7C6B11B7-4359-4EFE-8AF8-01356EE112F8}"
EndProject
Project("{FAE04EC0-301F-11D3-BF4B-00C04F79EFBC}") = "KanbanManagement.API", "src\KanbanManagement\KanbanManagement.API\KanbanManagement.API.csproj", "{B7572F91-9F21-44D2-88C9-953734EC2B0E}"
EndProject
Project("{FAE04EC0-301F-11D3-BF4B-00C04F79EFBC}") = "DistributedExceptionHandling.Worker", "src\DistributedExceptionHandling.Worker\DistributedExceptionHandling.Worker.csproj", "{227A7CA5-AF2C-4C28-BDB5-7232A215B93F}"
EndProject
Project("{2150E333-8FDC-42A3-9474-1A3956D46DE8}") = "KanbanGateway", "KanbanGateway", "{B6F99270-0096-4385-BA84-A11ED14AEE92}"
EndProject
Project("{FAE04EC0-301F-11D3-BF4B-00C04F79EFBC}") = "KanbanGateway.API", "src\KanbanGateway\KanbanGateway.API\KanbanGateway.API.csproj", "{6BAF2F71-0FEE-4D90-897B-DC04A46473E6}"
EndProject
Global
	GlobalSection(SolutionConfigurationPlatforms) = preSolution
		Debug|Any CPU = Debug|Any CPU
		Debug|x64 = Debug|x64
		Debug|x86 = Debug|x86
		Release|Any CPU = Release|Any CPU
		Release|x64 = Release|x64
		Release|x86 = Release|x86
	EndGlobalSection
	GlobalSection(SolutionProperties) = preSolution
		HideSolutionNode = FALSE
	EndGlobalSection
	GlobalSection(ProjectConfigurationPlatforms) = postSolution
		{959F12FA-1F81-4BAA-8840-B69D94373390}.Debug|Any CPU.ActiveCfg = Debug|Any CPU
		{959F12FA-1F81-4BAA-8840-B69D94373390}.Debug|Any CPU.Build.0 = Debug|Any CPU
		{959F12FA-1F81-4BAA-8840-B69D94373390}.Debug|x64.ActiveCfg = Debug|Any CPU
		{959F12FA-1F81-4BAA-8840-B69D94373390}.Debug|x64.Build.0 = Debug|Any CPU
		{959F12FA-1F81-4BAA-8840-B69D94373390}.Debug|x86.ActiveCfg = Debug|Any CPU
		{959F12FA-1F81-4BAA-8840-B69D94373390}.Debug|x86.Build.0 = Debug|Any CPU
		{959F12FA-1F81-4BAA-8840-B69D94373390}.Release|Any CPU.ActiveCfg = Release|Any CPU
		{959F12FA-1F81-4BAA-8840-B69D94373390}.Release|Any CPU.Build.0 = Release|Any CPU
		{959F12FA-1F81-4BAA-8840-B69D94373390}.Release|x64.ActiveCfg = Release|Any CPU
		{959F12FA-1F81-4BAA-8840-B69D94373390}.Release|x64.Build.0 = Release|Any CPU
		{959F12FA-1F81-4BAA-8840-B69D94373390}.Release|x86.ActiveCfg = Release|Any CPU
		{959F12FA-1F81-4BAA-8840-B69D94373390}.Release|x86.Build.0 = Release|Any CPU
		{B7572F91-9F21-44D2-88C9-953734EC2B0E}.Debug|Any CPU.ActiveCfg = Debug|Any CPU
		{B7572F91-9F21-44D2-88C9-953734EC2B0E}.Debug|Any CPU.Build.0 = Debug|Any CPU
		{B7572F91-9F21-44D2-88C9-953734EC2B0E}.Debug|x64.ActiveCfg = Debug|Any CPU
		{B7572F91-9F21-44D2-88C9-953734EC2B0E}.Debug|x64.Build.0 = Debug|Any CPU
		{B7572F91-9F21-44D2-88C9-953734EC2B0E}.Debug|x86.ActiveCfg = Debug|Any CPU
		{B7572F91-9F21-44D2-88C9-953734EC2B0E}.Debug|x86.Build.0 = Debug|Any CPU
		{B7572F91-9F21-44D2-88C9-953734EC2B0E}.Release|Any CPU.ActiveCfg = Release|Any CPU
		{B7572F91-9F21-44D2-88C9-953734EC2B0E}.Release|Any CPU.Build.0 = Release|Any CPU
		{B7572F91-9F21-44D2-88C9-953734EC2B0E}.Release|x64.ActiveCfg = Release|Any CPU
		{B7572F91-9F21-44D2-88C9-953734EC2B0E}.Release|x64.Build.0 = Release|Any CPU
		{B7572F91-9F21-44D2-88C9-953734EC2B0E}.Release|x86.ActiveCfg = Release|Any CPU
		{B7572F91-9F21-44D2-88C9-953734EC2B0E}.Release|x86.Build.0 = Release|Any CPU
		{227A7CA5-AF2C-4C28-BDB5-7232A215B93F}.Debug|Any CPU.ActiveCfg = Debug|Any CPU
		{227A7CA5-AF2C-4C28-BDB5-7232A215B93F}.Debug|Any CPU.Build.0 = Debug|Any CPU
		{227A7CA5-AF2C-4C28-BDB5-7232A215B93F}.Debug|x64.ActiveCfg = Debug|Any CPU
		{227A7CA5-AF2C-4C28-BDB5-7232A215B93F}.Debug|x64.Build.0 = Debug|Any CPU
		{227A7CA5-AF2C-4C28-BDB5-7232A215B93F}.Debug|x86.ActiveCfg = Debug|Any CPU
		{227A7CA5-AF2C-4C28-BDB5-7232A215B93F}.Debug|x86.Build.0 = Debug|Any CPU
		{227A7CA5-AF2C-4C28-BDB5-7232A215B93F}.Release|Any CPU.ActiveCfg = Release|Any CPU
		{227A7CA5-AF2C-4C28-BDB5-7232A215B93F}.Release|Any CPU.Build.0 = Release|Any CPU
		{227A7CA5-AF2C-4C28-BDB5-7232A215B93F}.Release|x64.ActiveCfg = Release|Any CPU
		{227A7CA5-AF2C-4C28-BDB5-7232A215B93F}.Release|x64.Build.0 = Release|Any CPU
		{227A7CA5-AF2C-4C28-BDB5-7232A215B93F}.Release|x86.ActiveCfg = Release|Any CPU
		{227A7CA5-AF2C-4C28-BDB5-7232A215B93F}.Release|x86.Build.0 = Release|Any CPU
		{6BAF2F71-0FEE-4D90-897B-DC04A46473E6}.Debug|Any CPU.ActiveCfg = Debug|Any CPU
		{6BAF2F71-0FEE-4D90-897B-DC04A46473E6}.Debug|Any CPU.Build.0 = Debug|Any CPU
		{6BAF2F71-0FEE-4D90-897B-DC04A46473E6}.Debug|x64.ActiveCfg = Debug|Any CPU
		{6BAF2F71-0FEE-4D90-897B-DC04A46473E6}.Debug|x64.Build.0 = Debug|Any CPU
		{6BAF2F71-0FEE-4D90-897B-DC04A46473E6}.Debug|x86.ActiveCfg = Debug|Any CPU
		{6BAF2F71-0FEE-4D90-897B-DC04A46473E6}.Debug|x86.Build.0 = Debug|Any CPU
		{6BAF2F71-0FEE-4D90-897B-DC04A46473E6}.Release|Any CPU.ActiveCfg = Release|Any CPU
		{6BAF2F71-0FEE-4D90-897B-DC04A46473E6}.Release|Any CPU.Build.0 = Release|Any CPU
		{6BAF2F71-0FEE-4D90-897B-DC04A46473E6}.Release|x64.ActiveCfg = Release|Any CPU
		{6BAF2F71-0FEE-4D90-897B-DC04A46473E6}.Release|x64.Build.0 = Release|Any CPU
		{6BAF2F71-0FEE-4D90-897B-DC04A46473E6}.Release|x86.ActiveCfg = Release|Any CPU
		{6BAF2F71-0FEE-4D90-897B-DC04A46473E6}.Release|x86.Build.0 = Release|Any CPU
	EndGlobalSection
	GlobalSection(NestedProjects) = preSolution
		{959F12FA-1F81-4BAA-8840-B69D94373390} = {E3DDE79D-20A1-40E7-9F05-4F67D038F9BB}
		{7C6B11B7-4359-4EFE-8AF8-01356EE112F8} = {E3DDE79D-20A1-40E7-9F05-4F67D038F9BB}
		{B7572F91-9F21-44D2-88C9-953734EC2B0E} = {7C6B11B7-4359-4EFE-8AF8-01356EE112F8}
		{227A7CA5-AF2C-4C28-BDB5-7232A215B93F} = {E3DDE79D-20A1-40E7-9F05-4F67D038F9BB}
		{B6F99270-0096-4385-BA84-A11ED14AEE92} = {E3DDE79D-20A1-40E7-9F05-4F67D038F9BB}
		{6BAF2F71-0FEE-4D90-897B-DC04A46473E6} = {B6F99270-0096-4385-BA84-A11ED14AEE92}
	EndGlobalSection
EndGlobal
