
Microsoft Visual Studio Solution File, Format Version 12.00
# Visual Studio 15
VisualStudioVersion = 15.0.26124.0
MinimumVisualStudioVersion = 15.0.26124.0
Project("{2150E333-8FDC-42A3-9474-1A3956D46DE8}") = "src", "src", "{E3DDE79D-20A1-40E7-9F05-4F67D038F9BB}"
EndProject
Project("{FAE04EC0-301F-11D3-BF4B-00C04F79EFBC}") = "KanbanManagement.API", "src\KanbanManagement.API\KanbanManagement.API.csproj", "{273B771F-3CE9-404B-884F-6F0904A34257}"
EndProject
Project("{FAE04EC0-301F-11D3-BF4B-00C04F79EFBC}") = "Common", "src\Common\Common.csproj", "{959F12FA-1F81-4BAA-8840-B69D94373390}"
EndProject
Global
	GlobalSection(SolutionConfigurationPlatforms) = preSolution
		Debug|Any CPU = Debug|Any CPU
		Debug|x64 = Debug|x64
		Debug|x86 = Debug|x86
		Release|Any CPU = Release|Any CPU
		Release|x64 = Release|x64
		Release|x86 = Release|x86
	EndGlobalSection
	GlobalSection(SolutionProperties) = preSolution
		HideSolutionNode = FALSE
	EndGlobalSection
	GlobalSection(ProjectConfigurationPlatforms) = postSolution
		{273B771F-3CE9-404B-884F-6F0904A34257}.Debug|Any CPU.ActiveCfg = Debug|Any CPU
		{273B771F-3CE9-404B-884F-6F0904A34257}.Debug|Any CPU.Build.0 = Debug|Any CPU
		{273B771F-3CE9-404B-884F-6F0904A34257}.Debug|x64.ActiveCfg = Debug|Any CPU
		{273B771F-3CE9-404B-884F-6F0904A34257}.Debug|x64.Build.0 = Debug|Any CPU
		{273B771F-3CE9-404B-884F-6F0904A34257}.Debug|x86.ActiveCfg = Debug|Any CPU
		{273B771F-3CE9-404B-884F-6F0904A34257}.Debug|x86.Build.0 = Debug|Any CPU
		{273B771F-3CE9-404B-884F-6F0904A34257}.Release|Any CPU.ActiveCfg = Release|Any CPU
		{273B771F-3CE9-404B-884F-6F0904A34257}.Release|Any CPU.Build.0 = Release|Any CPU
		{273B771F-3CE9-404B-884F-6F0904A34257}.Release|x64.ActiveCfg = Release|Any CPU
		{273B771F-3CE9-404B-884F-6F0904A34257}.Release|x64.Build.0 = Release|Any CPU
		{273B771F-3CE9-404B-884F-6F0904A34257}.Release|x86.ActiveCfg = Release|Any CPU
		{273B771F-3CE9-404B-884F-6F0904A34257}.Release|x86.Build.0 = Release|Any CPU
		{959F12FA-1F81-4BAA-8840-B69D94373390}.Debug|Any CPU.ActiveCfg = Debug|Any CPU
		{959F12FA-1F81-4BAA-8840-B69D94373390}.Debug|Any CPU.Build.0 = Debug|Any CPU
		{959F12FA-1F81-4BAA-8840-B69D94373390}.Debug|x64.ActiveCfg = Debug|Any CPU
		{959F12FA-1F81-4BAA-8840-B69D94373390}.Debug|x64.Build.0 = Debug|Any CPU
		{959F12FA-1F81-4BAA-8840-B69D94373390}.Debug|x86.ActiveCfg = Debug|Any CPU
		{959F12FA-1F81-4BAA-8840-B69D94373390}.Debug|x86.Build.0 = Debug|Any CPU
		{959F12FA-1F81-4BAA-8840-B69D94373390}.Release|Any CPU.ActiveCfg = Release|Any CPU
		{959F12FA-1F81-4BAA-8840-B69D94373390}.Release|Any CPU.Build.0 = Release|Any CPU
		{959F12FA-1F81-4BAA-8840-B69D94373390}.Release|x64.ActiveCfg = Release|Any CPU
		{959F12FA-1F81-4BAA-8840-B69D94373390}.Release|x64.Build.0 = Release|Any CPU
		{959F12FA-1F81-4BAA-8840-B69D94373390}.Release|x86.ActiveCfg = Release|Any CPU
		{959F12FA-1F81-4BAA-8840-B69D94373390}.Release|x86.Build.0 = Release|Any CPU
	EndGlobalSection
	GlobalSection(NestedProjects) = preSolution
		{273B771F-3CE9-404B-884F-6F0904A34257} = {E3DDE79D-20A1-40E7-9F05-4F67D038F9BB}
		{959F12FA-1F81-4BAA-8840-B69D94373390} = {E3DDE79D-20A1-40E7-9F05-4F67D038F9BB}
	EndGlobalSection
EndGlobal
